{
  "version": 4,
  "terraform_version": "1.3.0",
  "serial": 8,
  "lineage": "ba7fe120-84aa-a1ec-9d19-54959822c1a1",
  "outputs": {
    "droplet_ip_address": {
      "value": "188.166.55.192",
      "type": "string"
    }
  },
  "resources": [
    {
      "mode": "data",
      "type": "digitalocean_droplet_snapshot",
      "name": "packer-snapshot",
      "provider": "provider[\"registry.terraform.io/digitalocean/digitalocean\"]",
      "instances": [
        {
          "schema_version": 0,
          "attributes": {
            "created_at": "2022-09-28T19:04:01Z",
            "droplet_id": "318701091",
            "id": "117799588",
            "min_disk_size": 25,
            "most_recent": true,
            "name": "packer_webforce",
            "name_regex": "packer_webforce",
            "region": null,
            "regions": [
              "ams3"
            ],
            "size": 14.84
          },
          "sensitive_attributes": []
        }
      ]
    },
    {
      "mode": "data",
      "type": "digitalocean_ssh_key",
      "name": "sshkey_5_mai_22",
      "provider": "provider[\"registry.terraform.io/digitalocean/digitalocean\"]",
      "instances": [
        {
          "schema_version": 0,
          "attributes": {
            "fingerprint": "19:07:17:ae:ac:a3:3e:a1:06:ab:ea:32:3f:da:d6:9f",
            "id": 34648169,
            "name": "sshkey_5_mai_22",
            "public_key": "ssh-rsa AAAAB3NzaC1yc2EAAAADAQABAAABgQCicJ5z5j+MQ62pO7mXNkYM6V8gCtVwlDt/7ImG/bZnh0LxmmiIc/jvlf3g6QRcilN1sLAEw6jcdZxpjgi4VZXep/rVMUKDs9TDThzODg6G3rBYA+aOd4wJb6lQHjyqEHI+eR0WBwdfVv8ajpcPUh4CmZaUNu0qZDnnLTK/NWsJjy/OQThJyFjXdKT8h20thM7xoKvBMKyQuJkD9vqHdW7sj+ZrNJMcJA3GqQ/5YRITLZ9aS0jR7jwjUX+sVmFh7JVgC6WqxcvsCQQAjQlln/Pp6NNBY+C1HyUNcz/9JV8EPhaOQNecH30+hoSZ9456LXVmzJk+M2+mOLM1TNSbx5tl6VwL+8Vec3Z0eODc4959RVdRnqt8PVuf8opdsXvK7ztd5ATt9izeNUCd2pw9n3OlDsSVIjrXm2qaeIk+LNyVruBa5y5CxnMWZCGyHLJPvuczVa1bcOxxEytELoyzemFqx9dSW7H2dmN8B9PxaAKB+4KSJ77FoAwOYFzUd+svzO8= macbook@MacBook-Pro-de-MACBOOK.local"
          },
          "sensitive_attributes": []
        }
      ]
    },
    {
      "mode": "managed",
      "type": "digitalocean_droplet",
      "name": "tf-server-name",
      "provider": "provider[\"registry.terraform.io/digitalocean/digitalocean\"]",
      "instances": [
        {
          "schema_version": 1,
          "attributes": {
            "backups": true,
            "created_at": "2022-09-28T19:21:52Z",
            "disk": 25,
            "droplet_agent": null,
            "graceful_shutdown": false,
            "id": "318703946",
            "image": "117799588",
            "ipv4_address": "188.166.55.192",
            "ipv4_address_private": "10.110.0.5",
            "ipv6": false,
            "ipv6_address": "",
            "locked": false,
            "memory": 1024,
            "monitoring": true,
            "name": "do-server-name",
            "price_hourly": 0.00893,
            "price_monthly": 6,
            "private_networking": true,
            "region": "ams3",
            "resize_disk": true,
            "size": "s-1vcpu-1gb",
            "ssh_keys": [
              "34648169"
            ],
            "status": "active",
            "tags": null,
            "timeouts": null,
            "urn": "do:droplet:318703946",
            "user_data": null,
            "vcpus": 1,
            "volume_ids": [],
            "vpc_uuid": "724fe667-2027-49e2-8c7d-f25cb2c5cddf"
          },
          "sensitive_attributes": [],
          "private": "eyJlMmJmYjczMC1lY2FhLTExZTYtOGY4OC0zNDM2M2JjN2M0YzAiOnsiY3JlYXRlIjozNjAwMDAwMDAwMDAwLCJkZWxldGUiOjYwMDAwMDAwMDAwLCJ1cGRhdGUiOjM2MDAwMDAwMDAwMDB9LCJzY2hlbWFfdmVyc2lvbiI6IjEifQ==",
          "dependencies": [
            "data.digitalocean_droplet_snapshot.packer-snapshot",
            "data.digitalocean_ssh_key.sshkey_5_mai_22"
          ]
        }
      ]
    },
    {
      "mode": "managed",
      "type": "digitalocean_project",
      "name": "tf-project-name",
      "provider": "provider[\"registry.terraform.io/digitalocean/digitalocean\"]",
      "instances": [
        {
          "schema_version": 0,
          "attributes": {
            "created_at": "2022-09-28T19:23:16Z",
            "description": "Description",
            "environment": "Development",
            "id": "54b52ca5-55b3-4641-baa7-e4054b7ff003",
            "is_default": false,
            "name": "do-project-name",
            "owner_id": 11649401,
            "owner_uuid": "3bcf7895-ed8a-4e7b-b4ec-fa175a5d8219",
            "purpose": "Description purposes",
            "resources": [
              "do:droplet:318703946"
            ],
            "updated_at": "2022-09-28T19:23:16Z"
          },
          "sensitive_attributes": [],
          "private": "bnVsbA==",
          "dependencies": [
            "data.digitalocean_droplet_snapshot.packer-snapshot",
            "data.digitalocean_ssh_key.sshkey_5_mai_22",
            "digitalocean_droplet.tf-server-name"
          ]
        }
      ]
    },
    {
      "mode": "managed",
      "type": "local_file",
      "name": "ip",
      "provider": "provider[\"registry.terraform.io/hashicorp/local\"]",
      "instances": [
        {
          "schema_version": 0,
          "attributes": {
            "content": "188.166.55.192",
            "content_base64": null,
            "directory_permission": "0777",
            "file_permission": "0777",
            "filename": "ip.txt",
            "id": "41c6a78704fccea049b8e1a707945fd553590673",
            "sensitive_content": null,
            "source": null
          },
          "sensitive_attributes": [],
          "private": "bnVsbA==",
          "dependencies": [
            "data.digitalocean_droplet_snapshot.packer-snapshot",
            "data.digitalocean_ssh_key.sshkey_5_mai_22",
            "digitalocean_droplet.tf-server-name"
          ]
        }
      ]
    }
  ],
  "check_results": []
}
