{
  "version": 4,
  "terraform_version": "1.3.0",
  "serial": 4,
  "lineage": "ba7fe120-84aa-a1ec-9d19-54959822c1a1",
  "outputs": {},
  "resources": [
    {
      "mode": "data",
      "type": "digitalocean_droplet_snapshot",
      "name": "packer-snapshot",
      "provider": "provider[\"registry.terraform.io/digitalocean/digitalocean\"]",
      "instances": [
        {
          "schema_version": 0,
          "attributes": {
            "created_at": "2022-09-17T13:51:10Z",
            "droplet_id": "317088482",
            "id": "117060040",
            "min_disk_size": 25,
            "most_recent": true,
            "name": "packer-rootserver-1663422221",
            "name_regex": "^packer",
            "region": null,
            "regions": [
              "ams3"
            ],
            "size": 3.48
          },
          "sensitive_attributes": []
        }
      ]
    },
    {
      "mode": "data",
      "type": "digitalocean_ssh_key",
      "name": "sshkey_5_mai_22",
      "provider": "provider[\"registry.terraform.io/digitalocean/digitalocean\"]",
      "instances": [
        {
          "schema_version": 0,
          "attributes": {
            "fingerprint": "19:07:17:ae:ac:a3:3e:a1:06:ab:ea:32:3f:da:d6:9f",
            "id": 34648169,
            "name": "sshkey_5_mai_22",
            "public_key": "ssh-rsa AAAAB3NzaC1yc2EAAAADAQABAAABgQCicJ5z5j+MQ62pO7mXNkYM6V8gCtVwlDt/7ImG/bZnh0LxmmiIc/jvlf3g6QRcilN1sLAEw6jcdZxpjgi4VZXep/rVMUKDs9TDThzODg6G3rBYA+aOd4wJb6lQHjyqEHI+eR0WBwdfVv8ajpcPUh4CmZaUNu0qZDnnLTK/NWsJjy/OQThJyFjXdKT8h20thM7xoKvBMKyQuJkD9vqHdW7sj+ZrNJMcJA3GqQ/5YRITLZ9aS0jR7jwjUX+sVmFh7JVgC6WqxcvsCQQAjQlln/Pp6NNBY+C1HyUNcz/9JV8EPhaOQNecH30+hoSZ9456LXVmzJk+M2+mOLM1TNSbx5tl6VwL+8Vec3Z0eODc4959RVdRnqt8PVuf8opdsXvK7ztd5ATt9izeNUCd2pw9n3OlDsSVIjrXm2qaeIk+LNyVruBa5y5CxnMWZCGyHLJPvuczVa1bcOxxEytELoyzemFqx9dSW7H2dmN8B9PxaAKB+4KSJ77FoAwOYFzUd+svzO8= macbook@MacBook-Pro-de-MACBOOK.local"
          },
          "sensitive_attributes": []
        }
      ]
    },
    {
      "mode": "managed",
      "type": "digitalocean_droplet",
      "name": "tf-server-name",
      "provider": "provider[\"registry.terraform.io/digitalocean/digitalocean\"]",
      "instances": [
        {
          "status": "tainted",
          "schema_version": 1,
          "attributes": {
            "backups": true,
            "created_at": "2022-09-28T18:13:50Z",
            "disk": 25,
            "droplet_agent": null,
            "graceful_shutdown": false,
            "id": "318697457",
            "image": "117060040",
            "ipv4_address": "188.166.6.193",
            "ipv4_address_private": "10.110.0.5",
            "ipv6": false,
            "ipv6_address": "",
            "locked": false,
            "memory": 1024,
            "monitoring": true,
            "name": "do-server-name",
            "price_hourly": 0.00893,
            "price_monthly": 6,
            "private_networking": true,
            "region": "ams3",
            "resize_disk": true,
            "size": "s-1vcpu-1gb",
            "ssh_keys": [
              "34648169"
            ],
            "status": "active",
            "tags": null,
            "timeouts": null,
            "urn": "do:droplet:318697457",
            "user_data": null,
            "vcpus": 1,
            "volume_ids": [],
            "vpc_uuid": "724fe667-2027-49e2-8c7d-f25cb2c5cddf"
          },
          "sensitive_attributes": [],
          "private": "eyJlMmJmYjczMC1lY2FhLTExZTYtOGY4OC0zNDM2M2JjN2M0YzAiOnsiY3JlYXRlIjozNjAwMDAwMDAwMDAwLCJkZWxldGUiOjYwMDAwMDAwMDAwLCJ1cGRhdGUiOjM2MDAwMDAwMDAwMDB9LCJzY2hlbWFfdmVyc2lvbiI6IjEifQ==",
          "dependencies": [
            "data.digitalocean_droplet_snapshot.packer-snapshot",
            "data.digitalocean_ssh_key.sshkey_5_mai_22"
          ]
        }
      ]
    },
    {
      "mode": "managed",
      "type": "digitalocean_project",
      "name": "tf-project-name",
      "provider": "provider[\"registry.terraform.io/digitalocean/digitalocean\"]",
      "instances": []
    },
    {
      "mode": "managed",
      "type": "local_file",
      "name": "ip",
      "provider": "provider[\"registry.terraform.io/hashicorp/local\"]",
      "instances": []
    }
  ],
  "check_results": []
}
